{
  "name": "letdraw-mcp-monorepo",
  "version": "0.1.0",
  "lockfileVersion": 3,
  "requires": true,
  "packages": {
    "": {
      "name": "letdraw-mcp-monorepo",
      "version": "0.1.0",
      "license": "MIT",
      "workspaces": [
        "packages/*"
      ],
      "engines": {
        "node": ">=18"
      }
    },
    "node_modules/@letdraw/mcp": {
      "resolved": "packages/mcp",
      "link": true
    },
    "node_modules/@letdraw/sdk": {
      "resolved": "packages/sdk",
      "link": true
    },
    "node_modules/typescript": {
      "version": "5.4.5",
      "resolved": "https://registry.npmjs.org/typescript/-/typescript-5.4.5.tgz",
      "integrity": "sha512-vcI4UpRgg81oIRUFwR0WSIHKt11nJ7SAVlYNIu+QpqeyXP+gpQJy/Z4+F0aGxSE4MqwjyXvW/TzgkLAx2AGHwQ==",
      "dev": true,
      "license": "Apache-2.0",
      "bin": {
        "tsc": "bin/tsc",
        "tsserver": "bin/tsserver"
      },
      "engines": {
        "node": ">=14.17"
      }
    },
    "packages/mcp": {
      "name": "@letdraw/mcp",
      "version": "0.1.0",
      "license": "MIT",
      "bin": {
        "letdraw-mcp": "bin/letdraw-mcp.mjs"
      },
      "engines": {
        "node": ">=18"
      }
    },
    "packages/sdk": {
      "name": "@letdraw/sdk",
      "version": "0.1.0",
      "license": "MIT",
      "devDependencies": {
        "typescript": "5.4"
      },
      "engines": {
        "node": ">=18"
      }
    }
  }
}
